
Microsoft Visual Studio Solution File, Format Version 12.00
# Visual Studio 14
VisualStudioVersion = 14.0.25420.1
MinimumVisualStudioVersion = 10.0.40219.1
Project("{FAE04EC0-301F-11D3-BF4B-00C04F79EFBC}") = "XmlBuddy.DesktopGL", "XmlBuddy.DesktopGL\XmlBuddy.DesktopGL.csproj", "{B29B1664-C2E7-4FE9-956D-B20FA7A6CC84}"
EndProject
Project("{FAE04EC0-301F-11D3-BF4B-00C04F79EFBC}") = "XmlBuddy.iOS", "XmlBuddy.iOS\XmlBuddy.iOS.csproj", "{0B5CAE26-3034-4CDE-8C7F-26FBBD02A89E}"
EndProject
Project("{FAE04EC0-301F-11D3-BF4B-00C04F79EFBC}") = "XmlBuddy.Android", "XmlBuddy.Android\XmlBuddy.Android.csproj", "{4149CF18-45D0-4BE7-8FAD-27F65C5805B9}"
EndProject
Project("{2150E333-8FDC-42A3-9474-1A3956D46DE8}") = "Solution Items", "Solution Items", "{40F75F37-35D0-40F2-B186-F93B55970356}"
	ProjectSection(SolutionItems) = preProject
		buildNugetPackages.ps1 = buildNugetPackages.ps1
		XmlBuddy.nuspec = XmlBuddy.nuspec
	EndProjectSection
EndProject
Project("{FAE04EC0-301F-11D3-BF4B-00C04F79EFBC}") = "XmlBuddy.WindowsUniversal", "XmlBuddy.WindowsUniversal\XmlBuddy.WindowsUniversal.csproj", "{D4BEC428-A9F8-481F-8D3E-DDB0096576B0}"
EndProject
Project("{D954291E-2A0B-460D-934E-DC6B0785DB48}") = "XmlBuddy.SharedProject", "XmlBuddy.SharedProject\XmlBuddy.SharedProject.shproj", "{86314618-0503-4F1D-B5DC-66DD6BD7F0E4}"
EndProject
Project("{D954291E-2A0B-460D-934E-DC6B0785DB48}") = "XmlSource.SharedProject", "XmlSource.SharedProject\XmlSource.SharedProject.shproj", "{34F3AA42-5161-4306-8CF8-27CBB7A42361}"
EndProject
Project("{FAE04EC0-301F-11D3-BF4B-00C04F79EFBC}") = "XmlBuddy.Content", "XmlBuddy.Content\XmlBuddy.Content.csproj", "{4E98CC22-38D3-4229-913D-31BB75F8CCDA}"
EndProject
Project("{FAE04EC0-301F-11D3-BF4B-00C04F79EFBC}") = "XmlBuddy.Content.Tests", "XmlBuddy.Content.Tests\XmlBuddy.Content.Tests.csproj", "{91F3726A-8180-4D73-804B-90E5D31CE428}"
EndProject
Global
	GlobalSection(SharedMSBuildProjectFiles) = preSolution
		XmlBuddy.SharedProject\XmlBuddy.SharedProject.projitems*{0b5cae26-3034-4cde-8c7f-26fbbd02a89e}*SharedItemsImports = 4
		XmlSource.SharedProject\XmlSource.SharedProject.projitems*{0b5cae26-3034-4cde-8c7f-26fbbd02a89e}*SharedItemsImports = 4
		XmlSource.SharedProject\XmlSource.SharedProject.projitems*{34f3aa42-5161-4306-8cf8-27cbb7a42361}*SharedItemsImports = 13
		XmlBuddy.SharedProject\XmlBuddy.SharedProject.projitems*{4149cf18-45d0-4be7-8fad-27f65c5805b9}*SharedItemsImports = 4
		XmlSource.SharedProject\XmlSource.SharedProject.projitems*{4149cf18-45d0-4be7-8fad-27f65c5805b9}*SharedItemsImports = 4
		XmlSource.SharedProject\XmlSource.SharedProject.projitems*{4e98cc22-38d3-4229-913d-31bb75f8ccda}*SharedItemsImports = 4
		XmlBuddy.SharedProject\XmlBuddy.SharedProject.projitems*{86314618-0503-4f1d-b5dc-66dd6bd7f0e4}*SharedItemsImports = 13
		XmlBuddy.SharedProject\XmlBuddy.SharedProject.projitems*{b29b1664-c2e7-4fe9-956d-b20fa7a6cc84}*SharedItemsImports = 4
		XmlSource.SharedProject\XmlSource.SharedProject.projitems*{b29b1664-c2e7-4fe9-956d-b20fa7a6cc84}*SharedItemsImports = 4
		XmlBuddy.SharedProject\XmlBuddy.SharedProject.projitems*{d4bec428-a9f8-481f-8d3e-ddb0096576b0}*SharedItemsImports = 4
		XmlSource.SharedProject\XmlSource.SharedProject.projitems*{d4bec428-a9f8-481f-8d3e-ddb0096576b0}*SharedItemsImports = 4
	EndGlobalSection
	GlobalSection(SolutionConfigurationPlatforms) = preSolution
		AppStore|Any CPU = AppStore|Any CPU
		AppStore|ARM = AppStore|ARM
		AppStore|x64 = AppStore|x64
		AppStore|x86 = AppStore|x86
		Debug|Any CPU = Debug|Any CPU
		Debug|ARM = Debug|ARM
		Debug|x64 = Debug|x64
		Debug|x86 = Debug|x86
		Release|Any CPU = Release|Any CPU
		Release|ARM = Release|ARM
		Release|x64 = Release|x64
		Release|x86 = Release|x86
	EndGlobalSection
	GlobalSection(ProjectConfigurationPlatforms) = postSolution
		{B29B1664-C2E7-4FE9-956D-B20FA7A6CC84}.AppStore|Any CPU.ActiveCfg = Release|Any CPU
		{B29B1664-C2E7-4FE9-956D-B20FA7A6CC84}.AppStore|Any CPU.Build.0 = Release|Any CPU
		{B29B1664-C2E7-4FE9-956D-B20FA7A6CC84}.AppStore|ARM.ActiveCfg = Debug|Any CPU
		{B29B1664-C2E7-4FE9-956D-B20FA7A6CC84}.AppStore|ARM.Build.0 = Debug|Any CPU
		{B29B1664-C2E7-4FE9-956D-B20FA7A6CC84}.AppStore|x64.ActiveCfg = Debug|Any CPU
		{B29B1664-C2E7-4FE9-956D-B20FA7A6CC84}.AppStore|x64.Build.0 = Debug|Any CPU
		{B29B1664-C2E7-4FE9-956D-B20FA7A6CC84}.AppStore|x86.ActiveCfg = Debug|Any CPU
		{B29B1664-C2E7-4FE9-956D-B20FA7A6CC84}.AppStore|x86.Build.0 = Debug|Any CPU
		{B29B1664-C2E7-4FE9-956D-B20FA7A6CC84}.Debug|Any CPU.ActiveCfg = Debug|Any CPU
		{B29B1664-C2E7-4FE9-956D-B20FA7A6CC84}.Debug|Any CPU.Build.0 = Debug|Any CPU
		{B29B1664-C2E7-4FE9-956D-B20FA7A6CC84}.Debug|ARM.ActiveCfg = Debug|Any CPU
		{B29B1664-C2E7-4FE9-956D-B20FA7A6CC84}.Debug|ARM.Build.0 = Debug|Any CPU
		{B29B1664-C2E7-4FE9-956D-B20FA7A6CC84}.Debug|x64.ActiveCfg = Debug|Any CPU
		{B29B1664-C2E7-4FE9-956D-B20FA7A6CC84}.Debug|x64.Build.0 = Debug|Any CPU
		{B29B1664-C2E7-4FE9-956D-B20FA7A6CC84}.Debug|x86.ActiveCfg = Debug|Any CPU
		{B29B1664-C2E7-4FE9-956D-B20FA7A6CC84}.Debug|x86.Build.0 = Debug|Any CPU
		{B29B1664-C2E7-4FE9-956D-B20FA7A6CC84}.Release|Any CPU.ActiveCfg = Release|Any CPU
		{B29B1664-C2E7-4FE9-956D-B20FA7A6CC84}.Release|Any CPU.Build.0 = Release|Any CPU
		{B29B1664-C2E7-4FE9-956D-B20FA7A6CC84}.Release|ARM.ActiveCfg = Release|Any CPU
		{B29B1664-C2E7-4FE9-956D-B20FA7A6CC84}.Release|ARM.Build.0 = Release|Any CPU
		{B29B1664-C2E7-4FE9-956D-B20FA7A6CC84}.Release|x64.ActiveCfg = Release|Any CPU
		{B29B1664-C2E7-4FE9-956D-B20FA7A6CC84}.Release|x64.Build.0 = Release|Any CPU
		{B29B1664-C2E7-4FE9-956D-B20FA7A6CC84}.Release|x86.ActiveCfg = Release|Any CPU
		{B29B1664-C2E7-4FE9-956D-B20FA7A6CC84}.Release|x86.Build.0 = Release|Any CPU
		{0B5CAE26-3034-4CDE-8C7F-26FBBD02A89E}.AppStore|Any CPU.ActiveCfg = Release|Any CPU
		{0B5CAE26-3034-4CDE-8C7F-26FBBD02A89E}.AppStore|Any CPU.Build.0 = Release|Any CPU
		{0B5CAE26-3034-4CDE-8C7F-26FBBD02A89E}.AppStore|ARM.ActiveCfg = Release|Any CPU
		{0B5CAE26-3034-4CDE-8C7F-26FBBD02A89E}.AppStore|ARM.Build.0 = Release|Any CPU
		{0B5CAE26-3034-4CDE-8C7F-26FBBD02A89E}.AppStore|x64.ActiveCfg = Release|Any CPU
		{0B5CAE26-3034-4CDE-8C7F-26FBBD02A89E}.AppStore|x64.Build.0 = Release|Any CPU
		{0B5CAE26-3034-4CDE-8C7F-26FBBD02A89E}.AppStore|x86.ActiveCfg = Release|Any CPU
		{0B5CAE26-3034-4CDE-8C7F-26FBBD02A89E}.AppStore|x86.Build.0 = Release|Any CPU
		{0B5CAE26-3034-4CDE-8C7F-26FBBD02A89E}.Debug|Any CPU.ActiveCfg = Debug|Any CPU
		{0B5CAE26-3034-4CDE-8C7F-26FBBD02A89E}.Debug|Any CPU.Build.0 = Debug|Any CPU
		{0B5CAE26-3034-4CDE-8C7F-26FBBD02A89E}.Debug|ARM.ActiveCfg = Debug|Any CPU
		{0B5CAE26-3034-4CDE-8C7F-26FBBD02A89E}.Debug|ARM.Build.0 = Debug|Any CPU
		{0B5CAE26-3034-4CDE-8C7F-26FBBD02A89E}.Debug|x64.ActiveCfg = Debug|Any CPU
		{0B5CAE26-3034-4CDE-8C7F-26FBBD02A89E}.Debug|x64.Build.0 = Debug|Any CPU
		{0B5CAE26-3034-4CDE-8C7F-26FBBD02A89E}.Debug|x86.ActiveCfg = Debug|Any CPU
		{0B5CAE26-3034-4CDE-8C7F-26FBBD02A89E}.Debug|x86.Build.0 = Debug|Any CPU
		{0B5CAE26-3034-4CDE-8C7F-26FBBD02A89E}.Release|Any CPU.ActiveCfg = Release|Any CPU
		{0B5CAE26-3034-4CDE-8C7F-26FBBD02A89E}.Release|Any CPU.Build.0 = Release|Any CPU
		{0B5CAE26-3034-4CDE-8C7F-26FBBD02A89E}.Release|ARM.ActiveCfg = Release|Any CPU
		{0B5CAE26-3034-4CDE-8C7F-26FBBD02A89E}.Release|ARM.Build.0 = Release|Any CPU
		{0B5CAE26-3034-4CDE-8C7F-26FBBD02A89E}.Release|x64.ActiveCfg = Release|Any CPU
		{0B5CAE26-3034-4CDE-8C7F-26FBBD02A89E}.Release|x64.Build.0 = Release|Any CPU
		{0B5CAE26-3034-4CDE-8C7F-26FBBD02A89E}.Release|x86.ActiveCfg = Release|Any CPU
		{0B5CAE26-3034-4CDE-8C7F-26FBBD02A89E}.Release|x86.Build.0 = Release|Any CPU
		{4149CF18-45D0-4BE7-8FAD-27F65C5805B9}.AppStore|Any CPU.ActiveCfg = Release|Any CPU
		{4149CF18-45D0-4BE7-8FAD-27F65C5805B9}.AppStore|Any CPU.Build.0 = Release|Any CPU
		{4149CF18-45D0-4BE7-8FAD-27F65C5805B9}.AppStore|ARM.ActiveCfg = Debug|Any CPU
		{4149CF18-45D0-4BE7-8FAD-27F65C5805B9}.AppStore|ARM.Build.0 = Debug|Any CPU
		{4149CF18-45D0-4BE7-8FAD-27F65C5805B9}.AppStore|x64.ActiveCfg = Debug|Any CPU
		{4149CF18-45D0-4BE7-8FAD-27F65C5805B9}.AppStore|x64.Build.0 = Debug|Any CPU
		{4149CF18-45D0-4BE7-8FAD-27F65C5805B9}.AppStore|x86.ActiveCfg = Debug|Any CPU
		{4149CF18-45D0-4BE7-8FAD-27F65C5805B9}.AppStore|x86.Build.0 = Debug|Any CPU
		{4149CF18-45D0-4BE7-8FAD-27F65C5805B9}.Debug|Any CPU.ActiveCfg = Debug|Any CPU
		{4149CF18-45D0-4BE7-8FAD-27F65C5805B9}.Debug|Any CPU.Build.0 = Debug|Any CPU
		{4149CF18-45D0-4BE7-8FAD-27F65C5805B9}.Debug|ARM.ActiveCfg = Debug|Any CPU
		{4149CF18-45D0-4BE7-8FAD-27F65C5805B9}.Debug|ARM.Build.0 = Debug|Any CPU
		{4149CF18-45D0-4BE7-8FAD-27F65C5805B9}.Debug|x64.ActiveCfg = Debug|Any CPU
		{4149CF18-45D0-4BE7-8FAD-27F65C5805B9}.Debug|x64.Build.0 = Debug|Any CPU
		{4149CF18-45D0-4BE7-8FAD-27F65C5805B9}.Debug|x86.ActiveCfg = Debug|Any CPU
		{4149CF18-45D0-4BE7-8FAD-27F65C5805B9}.Debug|x86.Build.0 = Debug|Any CPU
		{4149CF18-45D0-4BE7-8FAD-27F65C5805B9}.Release|Any CPU.ActiveCfg = Release|Any CPU
		{4149CF18-45D0-4BE7-8FAD-27F65C5805B9}.Release|Any CPU.Build.0 = Release|Any CPU
		{4149CF18-45D0-4BE7-8FAD-27F65C5805B9}.Release|ARM.ActiveCfg = Release|Any CPU
		{4149CF18-45D0-4BE7-8FAD-27F65C5805B9}.Release|ARM.Build.0 = Release|Any CPU
		{4149CF18-45D0-4BE7-8FAD-27F65C5805B9}.Release|x64.ActiveCfg = Release|Any CPU
		{4149CF18-45D0-4BE7-8FAD-27F65C5805B9}.Release|x64.Build.0 = Release|Any CPU
		{4149CF18-45D0-4BE7-8FAD-27F65C5805B9}.Release|x86.ActiveCfg = Release|Any CPU
		{4149CF18-45D0-4BE7-8FAD-27F65C5805B9}.Release|x86.Build.0 = Release|Any CPU
		{D4BEC428-A9F8-481F-8D3E-DDB0096576B0}.AppStore|Any CPU.ActiveCfg = Release|Any CPU
		{D4BEC428-A9F8-481F-8D3E-DDB0096576B0}.AppStore|Any CPU.Build.0 = Release|Any CPU
		{D4BEC428-A9F8-481F-8D3E-DDB0096576B0}.AppStore|ARM.ActiveCfg = Release|ARM
		{D4BEC428-A9F8-481F-8D3E-DDB0096576B0}.AppStore|ARM.Build.0 = Release|ARM
		{D4BEC428-A9F8-481F-8D3E-DDB0096576B0}.AppStore|x64.ActiveCfg = Release|x64
		{D4BEC428-A9F8-481F-8D3E-DDB0096576B0}.AppStore|x64.Build.0 = Release|x64
		{D4BEC428-A9F8-481F-8D3E-DDB0096576B0}.AppStore|x86.ActiveCfg = Release|x86
		{D4BEC428-A9F8-481F-8D3E-DDB0096576B0}.AppStore|x86.Build.0 = Release|x86
		{D4BEC428-A9F8-481F-8D3E-DDB0096576B0}.Debug|Any CPU.ActiveCfg = Debug|Any CPU
		{D4BEC428-A9F8-481F-8D3E-DDB0096576B0}.Debug|Any CPU.Build.0 = Debug|Any CPU
		{D4BEC428-A9F8-481F-8D3E-DDB0096576B0}.Debug|ARM.ActiveCfg = Debug|ARM
		{D4BEC428-A9F8-481F-8D3E-DDB0096576B0}.Debug|ARM.Build.0 = Debug|ARM
		{D4BEC428-A9F8-481F-8D3E-DDB0096576B0}.Debug|x64.ActiveCfg = Debug|x64
		{D4BEC428-A9F8-481F-8D3E-DDB0096576B0}.Debug|x64.Build.0 = Debug|x64
		{D4BEC428-A9F8-481F-8D3E-DDB0096576B0}.Debug|x86.ActiveCfg = Debug|x86
		{D4BEC428-A9F8-481F-8D3E-DDB0096576B0}.Debug|x86.Build.0 = Debug|x86
		{D4BEC428-A9F8-481F-8D3E-DDB0096576B0}.Release|Any CPU.ActiveCfg = Release|Any CPU
		{D4BEC428-A9F8-481F-8D3E-DDB0096576B0}.Release|Any CPU.Build.0 = Release|Any CPU
		{D4BEC428-A9F8-481F-8D3E-DDB0096576B0}.Release|ARM.ActiveCfg = Release|ARM
		{D4BEC428-A9F8-481F-8D3E-DDB0096576B0}.Release|ARM.Build.0 = Release|ARM
		{D4BEC428-A9F8-481F-8D3E-DDB0096576B0}.Release|x64.ActiveCfg = Release|x64
		{D4BEC428-A9F8-481F-8D3E-DDB0096576B0}.Release|x64.Build.0 = Release|x64
		{D4BEC428-A9F8-481F-8D3E-DDB0096576B0}.Release|x86.ActiveCfg = Release|x86
		{D4BEC428-A9F8-481F-8D3E-DDB0096576B0}.Release|x86.Build.0 = Release|x86
		{4E98CC22-38D3-4229-913D-31BB75F8CCDA}.AppStore|Any CPU.ActiveCfg = Release|Any CPU
		{4E98CC22-38D3-4229-913D-31BB75F8CCDA}.AppStore|Any CPU.Build.0 = Release|Any CPU
		{4E98CC22-38D3-4229-913D-31BB75F8CCDA}.AppStore|ARM.ActiveCfg = Release|Any CPU
		{4E98CC22-38D3-4229-913D-31BB75F8CCDA}.AppStore|ARM.Build.0 = Release|Any CPU
		{4E98CC22-38D3-4229-913D-31BB75F8CCDA}.AppStore|x64.ActiveCfg = Release|Any CPU
		{4E98CC22-38D3-4229-913D-31BB75F8CCDA}.AppStore|x64.Build.0 = Release|Any CPU
		{4E98CC22-38D3-4229-913D-31BB75F8CCDA}.AppStore|x86.ActiveCfg = Release|Any CPU
		{4E98CC22-38D3-4229-913D-31BB75F8CCDA}.AppStore|x86.Build.0 = Release|Any CPU
		{4E98CC22-38D3-4229-913D-31BB75F8CCDA}.Debug|Any CPU.ActiveCfg = Debug|Any CPU
		{4E98CC22-38D3-4229-913D-31BB75F8CCDA}.Debug|Any CPU.Build.0 = Debug|Any CPU
		{4E98CC22-38D3-4229-913D-31BB75F8CCDA}.Debug|ARM.ActiveCfg = Debug|Any CPU
		{4E98CC22-38D3-4229-913D-31BB75F8CCDA}.Debug|ARM.Build.0 = Debug|Any CPU
		{4E98CC22-38D3-4229-913D-31BB75F8CCDA}.Debug|x64.ActiveCfg = Debug|Any CPU
		{4E98CC22-38D3-4229-913D-31BB75F8CCDA}.Debug|x64.Build.0 = Debug|Any CPU
		{4E98CC22-38D3-4229-913D-31BB75F8CCDA}.Debug|x86.ActiveCfg = Debug|Any CPU
		{4E98CC22-38D3-4229-913D-31BB75F8CCDA}.Debug|x86.Build.0 = Debug|Any CPU
		{4E98CC22-38D3-4229-913D-31BB75F8CCDA}.Release|Any CPU.ActiveCfg = Release|Any CPU
		{4E98CC22-38D3-4229-913D-31BB75F8CCDA}.Release|Any CPU.Build.0 = Release|Any CPU
		{4E98CC22-38D3-4229-913D-31BB75F8CCDA}.Release|ARM.ActiveCfg = Release|Any CPU
		{4E98CC22-38D3-4229-913D-31BB75F8CCDA}.Release|ARM.Build.0 = Release|Any CPU
		{4E98CC22-38D3-4229-913D-31BB75F8CCDA}.Release|x64.ActiveCfg = Release|Any CPU
		{4E98CC22-38D3-4229-913D-31BB75F8CCDA}.Release|x64.Build.0 = Release|Any CPU
		{4E98CC22-38D3-4229-913D-31BB75F8CCDA}.Release|x86.ActiveCfg = Release|Any CPU
		{4E98CC22-38D3-4229-913D-31BB75F8CCDA}.Release|x86.Build.0 = Release|Any CPU
		{91F3726A-8180-4D73-804B-90E5D31CE428}.AppStore|Any CPU.ActiveCfg = Release|Any CPU
		{91F3726A-8180-4D73-804B-90E5D31CE428}.AppStore|Any CPU.Build.0 = Release|Any CPU
		{91F3726A-8180-4D73-804B-90E5D31CE428}.AppStore|ARM.ActiveCfg = Release|Any CPU
		{91F3726A-8180-4D73-804B-90E5D31CE428}.AppStore|ARM.Build.0 = Release|Any CPU
		{91F3726A-8180-4D73-804B-90E5D31CE428}.AppStore|x64.ActiveCfg = Release|Any CPU
		{91F3726A-8180-4D73-804B-90E5D31CE428}.AppStore|x64.Build.0 = Release|Any CPU
		{91F3726A-8180-4D73-804B-90E5D31CE428}.AppStore|x86.ActiveCfg = Release|Any CPU
		{91F3726A-8180-4D73-804B-90E5D31CE428}.AppStore|x86.Build.0 = Release|Any CPU
		{91F3726A-8180-4D73-804B-90E5D31CE428}.Debug|Any CPU.ActiveCfg = Debug|Any CPU
		{91F3726A-8180-4D73-804B-90E5D31CE428}.Debug|Any CPU.Build.0 = Debug|Any CPU
		{91F3726A-8180-4D73-804B-90E5D31CE428}.Debug|ARM.ActiveCfg = Debug|Any CPU
		{91F3726A-8180-4D73-804B-90E5D31CE428}.Debug|ARM.Build.0 = Debug|Any CPU
		{91F3726A-8180-4D73-804B-90E5D31CE428}.Debug|x64.ActiveCfg = Debug|Any CPU
		{91F3726A-8180-4D73-804B-90E5D31CE428}.Debug|x64.Build.0 = Debug|Any CPU
		{91F3726A-8180-4D73-804B-90E5D31CE428}.Debug|x86.ActiveCfg = Debug|Any CPU
		{91F3726A-8180-4D73-804B-90E5D31CE428}.Debug|x86.Build.0 = Debug|Any CPU
		{91F3726A-8180-4D73-804B-90E5D31CE428}.Release|Any CPU.ActiveCfg = Release|Any CPU
		{91F3726A-8180-4D73-804B-90E5D31CE428}.Release|Any CPU.Build.0 = Release|Any CPU
		{91F3726A-8180-4D73-804B-90E5D31CE428}.Release|ARM.ActiveCfg = Release|Any CPU
		{91F3726A-8180-4D73-804B-90E5D31CE428}.Release|ARM.Build.0 = Release|Any CPU
		{91F3726A-8180-4D73-804B-90E5D31CE428}.Release|x64.ActiveCfg = Release|Any CPU
		{91F3726A-8180-4D73-804B-90E5D31CE428}.Release|x64.Build.0 = Release|Any CPU
		{91F3726A-8180-4D73-804B-90E5D31CE428}.Release|x86.ActiveCfg = Release|Any CPU
		{91F3726A-8180-4D73-804B-90E5D31CE428}.Release|x86.Build.0 = Release|Any CPU
	EndGlobalSection
	GlobalSection(SolutionProperties) = preSolution
		HideSolutionNode = FALSE
	EndGlobalSection
EndGlobal
